// !$*UTF8*$!
{
	archiveVersion = 1;
	classes = {
	};
	objectVersion = 55;
	objects = {

/* Begin PBXBuildFile section */
		77A7A801E12E04132A017E1C /* Pods_InstagramClone.framework in Frameworks */ = {isa = PBXBuildFile; fileRef = D83DBB52187F65B7B89F1C31 /* Pods_InstagramClone.framework */; };
		E204C9D8296C9995003F2CE9 /* DiscoverImageCell.swift in Sources */ = {isa = PBXBuildFile; fileRef = E204C9D7296C9995003F2CE9 /* DiscoverImageCell.swift */; };
		E24468F52987D2E000A8340F /* PostCellFooterView.swift in Sources */ = {isa = PBXBuildFile; fileRef = E24468F42987D2E000A8340F /* PostCellFooterView.swift */; };
		E2519353297686D0005E286F /* ReelCellViewModel.swift in Sources */ = {isa = PBXBuildFile; fileRef = E2519352297686D0005E286F /* ReelCellViewModel.swift */; };
		E255C1FE2972E00100263E1C /* ReelCell.swift in Sources */ = {isa = PBXBuildFile; fileRef = E255C1FD2972E00100263E1C /* ReelCell.swift */; };
		E2567CC0296731D100E856D7 /* AppDelegate.swift in Sources */ = {isa = PBXBuildFile; fileRef = E2567CBF296731D100E856D7 /* AppDelegate.swift */; };
		E2567CC2296731D100E856D7 /* SceneDelegate.swift in Sources */ = {isa = PBXBuildFile; fileRef = E2567CC1296731D100E856D7 /* SceneDelegate.swift */; };
		E2567CC9296731D200E856D7 /* Assets.xcassets in Resources */ = {isa = PBXBuildFile; fileRef = E2567CC8296731D200E856D7 /* Assets.xcassets */; };
		E2567CCC296731D200E856D7 /* LaunchScreen.storyboard in Resources */ = {isa = PBXBuildFile; fileRef = E2567CCA296731D200E856D7 /* LaunchScreen.storyboard */; };
		E2567CD729673CBC00E856D7 /* MainTabbarViewController.swift in Sources */ = {isa = PBXBuildFile; fileRef = E2567CD629673CBC00E856D7 /* MainTabbarViewController.swift */; };
		E2567CD929673D4B00E856D7 /* HomeViewController.swift in Sources */ = {isa = PBXBuildFile; fileRef = E2567CD829673D4B00E856D7 /* HomeViewController.swift */; };
		E2567CDB29673D8300E856D7 /* SearchViewController.swift in Sources */ = {isa = PBXBuildFile; fileRef = E2567CDA29673D8300E856D7 /* SearchViewController.swift */; };
		E2567CDD29673DFF00E856D7 /* ReelsViewController.swift in Sources */ = {isa = PBXBuildFile; fileRef = E2567CDC29673DFF00E856D7 /* ReelsViewController.swift */; };
		E2567CDF29673E2500E856D7 /* ShopViewController.swift in Sources */ = {isa = PBXBuildFile; fileRef = E2567CDE29673E2500E856D7 /* ShopViewController.swift */; };
		E2567CE129673E5600E856D7 /* ProfileViewController.swift in Sources */ = {isa = PBXBuildFile; fileRef = E2567CE029673E5600E856D7 /* ProfileViewController.swift */; };
		E2567CE52967416500E856D7 /* Story.swift in Sources */ = {isa = PBXBuildFile; fileRef = E2567CE42967416500E856D7 /* Story.swift */; };
		E2567CE72967416F00E856D7 /* Post.swift in Sources */ = {isa = PBXBuildFile; fileRef = E2567CE62967416F00E856D7 /* Post.swift */; };
		E2567CEA2967429100E856D7 /* Data.swift in Sources */ = {isa = PBXBuildFile; fileRef = E2567CE92967429100E856D7 /* Data.swift */; };
		E2567CF0296746F900E856D7 /* CompositionalLayoutSectionHelper.swift in Sources */ = {isa = PBXBuildFile; fileRef = E2567CEF296746F900E856D7 /* CompositionalLayoutSectionHelper.swift */; };
		E2567CF4296747F500E856D7 /* PostCell.swift in Sources */ = {isa = PBXBuildFile; fileRef = E2567CF2296747F500E856D7 /* PostCell.swift */; };
		E2567CF5296747F500E856D7 /* StoryCell.swift in Sources */ = {isa = PBXBuildFile; fileRef = E2567CF3296747F500E856D7 /* StoryCell.swift */; };
		E25861CE2986BCB2003D8F6D /* PostCellHeaderView.swift in Sources */ = {isa = PBXBuildFile; fileRef = E25861CD2986BCB2003D8F6D /* PostCellHeaderView.swift */; };
		E25861D02986C333003D8F6D /* PostCellImageView.swift in Sources */ = {isa = PBXBuildFile; fileRef = E25861CF2986C333003D8F6D /* PostCellImageView.swift */; };
		E25861D22986C4A1003D8F6D /* PostCellBottomButtonsView.swift in Sources */ = {isa = PBXBuildFile; fileRef = E25861D12986C4A1003D8F6D /* PostCellBottomButtonsView.swift */; };
		E25DFBA729854C8C00702320 /* ProfilePostCellViewModel.swift in Sources */ = {isa = PBXBuildFile; fileRef = E25DFBA629854C8C00702320 /* ProfilePostCellViewModel.swift */; };
		E266718E297985CA00982D68 /* Reel.swift in Sources */ = {isa = PBXBuildFile; fileRef = E266718D297985CA00982D68 /* Reel.swift */; };
		E26C3BAF2968401200ADEC57 /* Color.swift in Sources */ = {isa = PBXBuildFile; fileRef = E26C3BAE2968401200ADEC57 /* Color.swift */; };
		E26C3BB12968402400ADEC57 /* Font.swift in Sources */ = {isa = PBXBuildFile; fileRef = E26C3BB02968402400ADEC57 /* Font.swift */; };
		E26C3BB4296840DD00ADEC57 /* Layer.swift in Sources */ = {isa = PBXBuildFile; fileRef = E26C3BB3296840DD00ADEC57 /* Layer.swift */; };
		E26EA2BF296DC92600EB47A8 /* DiscoverVideoCell.swift in Sources */ = {isa = PBXBuildFile; fileRef = E26EA2BE296DC92600EB47A8 /* DiscoverVideoCell.swift */; };
		E26EA2C1296DCC1800EB47A8 /* DiscoverVideoCellViewModel.swift in Sources */ = {isa = PBXBuildFile; fileRef = E26EA2C0296DCC1800EB47A8 /* DiscoverVideoCellViewModel.swift */; };
		E26EA2C3296DCC2500EB47A8 /* DiscoverImageCellViewModel.swift in Sources */ = {isa = PBXBuildFile; fileRef = E26EA2C2296DCC2500EB47A8 /* DiscoverImageCellViewModel.swift */; };
		E26EA2C5296DCDF000EB47A8 /* Discover.swift in Sources */ = {isa = PBXBuildFile; fileRef = E26EA2C4296DCDF000EB47A8 /* Discover.swift */; };
		E26EA2C7296DCE2800EB47A8 /* ContentType.swift in Sources */ = {isa = PBXBuildFile; fileRef = E26EA2C6296DCE2800EB47A8 /* ContentType.swift */; };
		E270DD3A297D1B8800952172 /* ProfilePostCell.swift in Sources */ = {isa = PBXBuildFile; fileRef = E270DD39297D1B8800952172 /* ProfilePostCell.swift */; };
		E270DD3E297D387A00952172 /* ProfileViewHeaderCollectionReusableView.swift in Sources */ = {isa = PBXBuildFile; fileRef = E270DD3D297D387A00952172 /* ProfileViewHeaderCollectionReusableView.swift */; };
		E29B5862296EB4E700D3605F /* SearchResultViewController.swift in Sources */ = {isa = PBXBuildFile; fileRef = E29B5861296EB4E700D3605F /* SearchResultViewController.swift */; };
		E29B5864296EB5E900D3605F /* SearchResultCell.swift in Sources */ = {isa = PBXBuildFile; fileRef = E29B5863296EB5E900D3605F /* SearchResultCell.swift */; };
		E29B5866296EC68700D3605F /* User.swift in Sources */ = {isa = PBXBuildFile; fileRef = E29B5865296EC68700D3605F /* User.swift */; };
		E29B5868296EC6EA00D3605F /* SearchResultCellViewModel.swift in Sources */ = {isa = PBXBuildFile; fileRef = E29B5867296EC6EA00D3605F /* SearchResultCellViewModel.swift */; };
		E2DA5709296755C7007E2E25 /* StoryCellViewModel.swift in Sources */ = {isa = PBXBuildFile; fileRef = E2DA5708296755C6007E2E25 /* StoryCellViewModel.swift */; };
		E2E9F89329676208004111C1 /* PostCellViewModel.swift in Sources */ = {isa = PBXBuildFile; fileRef = E2E9F89229676208004111C1 /* PostCellViewModel.swift */; };
/* End PBXBuildFile section */

/* Begin PBXFileReference section */
		9A9B3FB77E11ED26A8CEF316 /* Pods-InstagramClone.debug.xcconfig */ = {isa = PBXFileReference; includeInIndex = 1; lastKnownFileType = text.xcconfig; name = "Pods-InstagramClone.debug.xcconfig"; path = "Target Support Files/Pods-InstagramClone/Pods-InstagramClone.debug.xcconfig"; sourceTree = "<group>"; };
		A810F9815408EA95B949F84A /* Pods-InstagramClone.release.xcconfig */ = {isa = PBXFileReference; includeInIndex = 1; lastKnownFileType = text.xcconfig; name = "Pods-InstagramClone.release.xcconfig"; path = "Target Support Files/Pods-InstagramClone/Pods-InstagramClone.release.xcconfig"; sourceTree = "<group>"; };
		D83DBB52187F65B7B89F1C31 /* Pods_InstagramClone.framework */ = {isa = PBXFileReference; explicitFileType = wrapper.framework; includeInIndex = 0; path = Pods_InstagramClone.framework; sourceTree = BUILT_PRODUCTS_DIR; };
		E204C9D7296C9995003F2CE9 /* DiscoverImageCell.swift */ = {isa = PBXFileReference; fileEncoding = 4; lastKnownFileType = sourcecode.swift; path = DiscoverImageCell.swift; sourceTree = "<group>"; };
		E24468F42987D2E000A8340F /* PostCellFooterView.swift */ = {isa = PBXFileReference; lastKnownFileType = sourcecode.swift; path = PostCellFooterView.swift; sourceTree = "<group>"; };
		E2519352297686D0005E286F /* ReelCellViewModel.swift */ = {isa = PBXFileReference; lastKnownFileType = sourcecode.swift; path = ReelCellViewModel.swift; sourceTree = "<group>"; };
		E255C1FD2972E00100263E1C /* ReelCell.swift */ = {isa = PBXFileReference; lastKnownFileType = sourcecode.swift; path = ReelCell.swift; sourceTree = "<group>"; };
		E2567CBC296731D100E856D7 /* InstagramClone.app */ = {isa = PBXFileReference; explicitFileType = wrapper.application; includeInIndex = 0; path = InstagramClone.app; sourceTree = BUILT_PRODUCTS_DIR; };
		E2567CBF296731D100E856D7 /* AppDelegate.swift */ = {isa = PBXFileReference; lastKnownFileType = sourcecode.swift; path = AppDelegate.swift; sourceTree = "<group>"; };
		E2567CC1296731D100E856D7 /* SceneDelegate.swift */ = {isa = PBXFileReference; lastKnownFileType = sourcecode.swift; path = SceneDelegate.swift; sourceTree = "<group>"; };
		E2567CC8296731D200E856D7 /* Assets.xcassets */ = {isa = PBXFileReference; lastKnownFileType = folder.assetcatalog; path = Assets.xcassets; sourceTree = "<group>"; };
		E2567CCB296731D200E856D7 /* Base */ = {isa = PBXFileReference; lastKnownFileType = file.storyboard; name = Base; path = Base.lproj/LaunchScreen.storyboard; sourceTree = "<group>"; };
		E2567CCD296731D200E856D7 /* Info.plist */ = {isa = PBXFileReference; lastKnownFileType = text.plist.xml; path = Info.plist; sourceTree = "<group>"; };
		E2567CD629673CBC00E856D7 /* MainTabbarViewController.swift */ = {isa = PBXFileReference; lastKnownFileType = sourcecode.swift; path = MainTabbarViewController.swift; sourceTree = "<group>"; };
		E2567CD829673D4B00E856D7 /* HomeViewController.swift */ = {isa = PBXFileReference; lastKnownFileType = sourcecode.swift; path = HomeViewController.swift; sourceTree = "<group>"; };
		E2567CDA29673D8300E856D7 /* SearchViewController.swift */ = {isa = PBXFileReference; lastKnownFileType = sourcecode.swift; path = SearchViewController.swift; sourceTree = "<group>"; };
		E2567CDC29673DFF00E856D7 /* ReelsViewController.swift */ = {isa = PBXFileReference; lastKnownFileType = sourcecode.swift; path = ReelsViewController.swift; sourceTree = "<group>"; };
		E2567CDE29673E2500E856D7 /* ShopViewController.swift */ = {isa = PBXFileReference; lastKnownFileType = sourcecode.swift; path = ShopViewController.swift; sourceTree = "<group>"; };
		E2567CE029673E5600E856D7 /* ProfileViewController.swift */ = {isa = PBXFileReference; lastKnownFileType = sourcecode.swift; path = ProfileViewController.swift; sourceTree = "<group>"; };
		E2567CE42967416500E856D7 /* Story.swift */ = {isa = PBXFileReference; lastKnownFileType = sourcecode.swift; path = Story.swift; sourceTree = "<group>"; };
		E2567CE62967416F00E856D7 /* Post.swift */ = {isa = PBXFileReference; lastKnownFileType = sourcecode.swift; path = Post.swift; sourceTree = "<group>"; };
		E2567CE92967429100E856D7 /* Data.swift */ = {isa = PBXFileReference; lastKnownFileType = sourcecode.swift; path = Data.swift; sourceTree = "<group>"; };
		E2567CEF296746F900E856D7 /* CompositionalLayoutSectionHelper.swift */ = {isa = PBXFileReference; fileEncoding = 4; lastKnownFileType = sourcecode.swift; path = CompositionalLayoutSectionHelper.swift; sourceTree = "<group>"; };
		E2567CF2296747F500E856D7 /* PostCell.swift */ = {isa = PBXFileReference; fileEncoding = 4; lastKnownFileType = sourcecode.swift; path = PostCell.swift; sourceTree = "<group>"; };
		E2567CF3296747F500E856D7 /* StoryCell.swift */ = {isa = PBXFileReference; fileEncoding = 4; lastKnownFileType = sourcecode.swift; path = StoryCell.swift; sourceTree = "<group>"; };
		E25861CD2986BCB2003D8F6D /* PostCellHeaderView.swift */ = {isa = PBXFileReference; lastKnownFileType = sourcecode.swift; path = PostCellHeaderView.swift; sourceTree = "<group>"; };
		E25861CF2986C333003D8F6D /* PostCellImageView.swift */ = {isa = PBXFileReference; lastKnownFileType = sourcecode.swift; path = PostCellImageView.swift; sourceTree = "<group>"; };
		E25861D12986C4A1003D8F6D /* PostCellBottomButtonsView.swift */ = {isa = PBXFileReference; lastKnownFileType = sourcecode.swift; path = PostCellBottomButtonsView.swift; sourceTree = "<group>"; };
		E25DFBA629854C8C00702320 /* ProfilePostCellViewModel.swift */ = {isa = PBXFileReference; lastKnownFileType = sourcecode.swift; path = ProfilePostCellViewModel.swift; sourceTree = "<group>"; };
		E266718D297985CA00982D68 /* Reel.swift */ = {isa = PBXFileReference; lastKnownFileType = sourcecode.swift; path = Reel.swift; sourceTree = "<group>"; };
		E26C3BAE2968401200ADEC57 /* Color.swift */ = {isa = PBXFileReference; lastKnownFileType = sourcecode.swift; path = Color.swift; sourceTree = "<group>"; };
		E26C3BB02968402400ADEC57 /* Font.swift */ = {isa = PBXFileReference; lastKnownFileType = sourcecode.swift; path = Font.swift; sourceTree = "<group>"; };
		E26C3BB3296840DD00ADEC57 /* Layer.swift */ = {isa = PBXFileReference; lastKnownFileType = sourcecode.swift; path = Layer.swift; sourceTree = "<group>"; };
		E26EA2BE296DC92600EB47A8 /* DiscoverVideoCell.swift */ = {isa = PBXFileReference; lastKnownFileType = sourcecode.swift; path = DiscoverVideoCell.swift; sourceTree = "<group>"; };
		E26EA2C0296DCC1800EB47A8 /* DiscoverVideoCellViewModel.swift */ = {isa = PBXFileReference; lastKnownFileType = sourcecode.swift; path = DiscoverVideoCellViewModel.swift; sourceTree = "<group>"; };
		E26EA2C2296DCC2500EB47A8 /* DiscoverImageCellViewModel.swift */ = {isa = PBXFileReference; lastKnownFileType = sourcecode.swift; path = DiscoverImageCellViewModel.swift; sourceTree = "<group>"; };
		E26EA2C4296DCDF000EB47A8 /* Discover.swift */ = {isa = PBXFileReference; lastKnownFileType = sourcecode.swift; path = Discover.swift; sourceTree = "<group>"; };
		E26EA2C6296DCE2800EB47A8 /* ContentType.swift */ = {isa = PBXFileReference; lastKnownFileType = sourcecode.swift; path = ContentType.swift; sourceTree = "<group>"; };
		E270DD39297D1B8800952172 /* ProfilePostCell.swift */ = {isa = PBXFileReference; lastKnownFileType = sourcecode.swift; path = ProfilePostCell.swift; sourceTree = "<group>"; };
		E270DD3D297D387A00952172 /* ProfileViewHeaderCollectionReusableView.swift */ = {isa = PBXFileReference; lastKnownFileType = sourcecode.swift; path = ProfileViewHeaderCollectionReusableView.swift; sourceTree = "<group>"; };
		E29B5861296EB4E700D3605F /* SearchResultViewController.swift */ = {isa = PBXFileReference; lastKnownFileType = sourcecode.swift; path = SearchResultViewController.swift; sourceTree = "<group>"; };
		E29B5863296EB5E900D3605F /* SearchResultCell.swift */ = {isa = PBXFileReference; lastKnownFileType = sourcecode.swift; path = SearchResultCell.swift; sourceTree = "<group>"; };
		E29B5865296EC68700D3605F /* User.swift */ = {isa = PBXFileReference; lastKnownFileType = sourcecode.swift; path = User.swift; sourceTree = "<group>"; };
		E29B5867296EC6EA00D3605F /* SearchResultCellViewModel.swift */ = {isa = PBXFileReference; lastKnownFileType = sourcecode.swift; path = SearchResultCellViewModel.swift; sourceTree = "<group>"; };
		E2DA5708296755C6007E2E25 /* StoryCellViewModel.swift */ = {isa = PBXFileReference; lastKnownFileType = sourcecode.swift; path = StoryCellViewModel.swift; sourceTree = "<group>"; };
		E2E9F89229676208004111C1 /* PostCellViewModel.swift */ = {isa = PBXFileReference; lastKnownFileType = sourcecode.swift; path = PostCellViewModel.swift; sourceTree = "<group>"; };
/* End PBXFileReference section */

/* Begin PBXFrameworksBuildPhase section */
		E2567CB9296731D100E856D7 /* Frameworks */ = {
			isa = PBXFrameworksBuildPhase;
			buildActionMask = 2147483647;
			files = (
				77A7A801E12E04132A017E1C /* Pods_InstagramClone.framework in Frameworks */,
			);
			runOnlyForDeploymentPostprocessing = 0;
		};
/* End PBXFrameworksBuildPhase section */

/* Begin PBXGroup section */
		6A40AC884F7978A2BCE57564 /* Pods */ = {
			isa = PBXGroup;
			children = (
				9A9B3FB77E11ED26A8CEF316 /* Pods-InstagramClone.debug.xcconfig */,
				A810F9815408EA95B949F84A /* Pods-InstagramClone.release.xcconfig */,
			);
			path = Pods;
			sourceTree = "<group>";
		};
		C76A1AEA156EFC7663A9FBD5 /* Frameworks */ = {
			isa = PBXGroup;
			children = (
				D83DBB52187F65B7B89F1C31 /* Pods_InstagramClone.framework */,
			);
			name = Frameworks;
			sourceTree = "<group>";
		};
		E24468F62987D80400A8340F /* DiscoverImageCell */ = {
			isa = PBXGroup;
			children = (
				E204C9D7296C9995003F2CE9 /* DiscoverImageCell.swift */,
			);
			path = DiscoverImageCell;
			sourceTree = "<group>";
		};
		E24468F72987D81900A8340F /* DiscoverVideoCell */ = {
			isa = PBXGroup;
			children = (
				E26EA2BE296DC92600EB47A8 /* DiscoverVideoCell.swift */,
			);
			path = DiscoverVideoCell;
			sourceTree = "<group>";
		};
		E24468F82987D82400A8340F /* StoryCell */ = {
			isa = PBXGroup;
			children = (
				E2567CF3296747F500E856D7 /* StoryCell.swift */,
			);
			path = StoryCell;
			sourceTree = "<group>";
		};
		E24468F92987D82D00A8340F /* SearchResultCell */ = {
			isa = PBXGroup;
			children = (
				E29B5863296EB5E900D3605F /* SearchResultCell.swift */,
			);
			path = SearchResultCell;
			sourceTree = "<group>";
		};
		E24468FA2987D83B00A8340F /* ReelCell */ = {
			isa = PBXGroup;
			children = (
				E255C1FD2972E00100263E1C /* ReelCell.swift */,
			);
			path = ReelCell;
			sourceTree = "<group>";
		};
		E24468FB2987D84500A8340F /* ProfilePostCell */ = {
			isa = PBXGroup;
			children = (
				E270DD39297D1B8800952172 /* ProfilePostCell.swift */,
			);
			path = ProfilePostCell;
			sourceTree = "<group>";
		};
		E2567CB3296731D100E856D7 = {
			isa = PBXGroup;
			children = (
				E2567CBE296731D100E856D7 /* InstagramClone */,
				E2567CBD296731D100E856D7 /* Products */,
				6A40AC884F7978A2BCE57564 /* Pods */,
				C76A1AEA156EFC7663A9FBD5 /* Frameworks */,
			);
			sourceTree = "<group>";
		};
		E2567CBD296731D100E856D7 /* Products */ = {
			isa = PBXGroup;
			children = (
				E2567CBC296731D100E856D7 /* InstagramClone.app */,
			);
			name = Products;
			sourceTree = "<group>";
		};
		E2567CBE296731D100E856D7 /* InstagramClone */ = {
			isa = PBXGroup;
			children = (
				E26C3BAD29683FFC00ADEC57 /* Theme */,
				E2DA5707296755B6007E2E25 /* ViewModels */,
				E2567CF1296747EC00E856D7 /* Views */,
				E2567CEE296746DD00E856D7 /* Helpers */,
				E2567CE82967428900E856D7 /* Data */,
				E2567CE32967415400E856D7 /* Models */,
				E2567CD429673C7F00E856D7 /* Controllers */,
				E2567CBF296731D100E856D7 /* AppDelegate.swift */,
				E2567CC1296731D100E856D7 /* SceneDelegate.swift */,
				E2567CC8296731D200E856D7 /* Assets.xcassets */,
				E2567CCA296731D200E856D7 /* LaunchScreen.storyboard */,
				E2567CCD296731D200E856D7 /* Info.plist */,
			);
			path = InstagramClone;
			sourceTree = "<group>";
		};
		E2567CD429673C7F00E856D7 /* Controllers */ = {
			isa = PBXGroup;
			children = (
				E29B5860296EB4AE00D3605F /* General */,
				E2567CD529673C8D00E856D7 /* Core */,
			);
			path = Controllers;
			sourceTree = "<group>";
		};
		E2567CD529673C8D00E856D7 /* Core */ = {
			isa = PBXGroup;
			children = (
				E2567CD629673CBC00E856D7 /* MainTabbarViewController.swift */,
				E2567CD829673D4B00E856D7 /* HomeViewController.swift */,
				E2567CDA29673D8300E856D7 /* SearchViewController.swift */,
				E2567CDC29673DFF00E856D7 /* ReelsViewController.swift */,
				E2567CDE29673E2500E856D7 /* ShopViewController.swift */,
				E2567CE029673E5600E856D7 /* ProfileViewController.swift */,
			);
			path = Core;
			sourceTree = "<group>";
		};
		E2567CE32967415400E856D7 /* Models */ = {
			isa = PBXGroup;
			children = (
				E2567CE42967416500E856D7 /* Story.swift */,
				E2567CE62967416F00E856D7 /* Post.swift */,
				E26EA2C4296DCDF000EB47A8 /* Discover.swift */,
				E26EA2C6296DCE2800EB47A8 /* ContentType.swift */,
				E29B5865296EC68700D3605F /* User.swift */,
				E266718D297985CA00982D68 /* Reel.swift */,
			);
			path = Models;
			sourceTree = "<group>";
		};
		E2567CE82967428900E856D7 /* Data */ = {
			isa = PBXGroup;
			children = (
				E2567CE92967429100E856D7 /* Data.swift */,
			);
			path = Data;
			sourceTree = "<group>";
		};
		E2567CEE296746DD00E856D7 /* Helpers */ = {
			isa = PBXGroup;
			children = (
				E2567CEF296746F900E856D7 /* CompositionalLayoutSectionHelper.swift */,
			);
			path = Helpers;
			sourceTree = "<group>";
		};
		E2567CF1296747EC00E856D7 /* Views */ = {
			isa = PBXGroup;
			children = (
				E24468FB2987D84500A8340F /* ProfilePostCell */,
				E24468FA2987D83B00A8340F /* ReelCell */,
				E24468F92987D82D00A8340F /* SearchResultCell */,
				E24468F82987D82400A8340F /* StoryCell */,
				E24468F72987D81900A8340F /* DiscoverVideoCell */,
				E24468F62987D80400A8340F /* DiscoverImageCell */,
				E25861C52986B87D003D8F6D /* PostCell */,
				E270DD3D297D387A00952172 /* ProfileViewHeaderCollectionReusableView.swift */,
			);
			path = Views;
			sourceTree = "<group>";
		};
		E25861C52986B87D003D8F6D /* PostCell */ = {
			isa = PBXGroup;
			children = (
				E2567CF2296747F500E856D7 /* PostCell.swift */,
				E25861C62986B888003D8F6D /* Components */,
			);
			path = PostCell;
			sourceTree = "<group>";
		};
		E25861C62986B888003D8F6D /* Components */ = {
			isa = PBXGroup;
			children = (
				E25861CD2986BCB2003D8F6D /* PostCellHeaderView.swift */,
				E25861CF2986C333003D8F6D /* PostCellImageView.swift */,
				E25861D12986C4A1003D8F6D /* PostCellBottomButtonsView.swift */,
				E24468F42987D2E000A8340F /* PostCellFooterView.swift */,
			);
			path = Components;
			sourceTree = "<group>";
		};
		E26C3BAD29683FFC00ADEC57 /* Theme */ = {
			isa = PBXGroup;
			children = (
				E26C3BAE2968401200ADEC57 /* Color.swift */,
				E26C3BB02968402400ADEC57 /* Font.swift */,
				E26C3BB3296840DD00ADEC57 /* Layer.swift */,
			);
			path = Theme;
			sourceTree = "<group>";
		};
		E29B5860296EB4AE00D3605F /* General */ = {
			isa = PBXGroup;
			children = (
				E29B5861296EB4E700D3605F /* SearchResultViewController.swift */,
			);
			path = General;
			sourceTree = "<group>";
		};
		E2DA5707296755B6007E2E25 /* ViewModels */ = {
			isa = PBXGroup;
			children = (
				E2DA5708296755C6007E2E25 /* StoryCellViewModel.swift */,
				E2E9F89229676208004111C1 /* PostCellViewModel.swift */,
				E26EA2C0296DCC1800EB47A8 /* DiscoverVideoCellViewModel.swift */,
				E26EA2C2296DCC2500EB47A8 /* DiscoverImageCellViewModel.swift */,
				E29B5867296EC6EA00D3605F /* SearchResultCellViewModel.swift */,
				E2519352297686D0005E286F /* ReelCellViewModel.swift */,
				E25DFBA629854C8C00702320 /* ProfilePostCellViewModel.swift */,
			);
			path = ViewModels;
			sourceTree = "<group>";
		};
/* End PBXGroup section */

/* Begin PBXNativeTarget section */
		E2567CBB296731D100E856D7 /* InstagramClone */ = {
			isa = PBXNativeTarget;
			buildConfigurationList = E2567CD0296731D200E856D7 /* Build configuration list for PBXNativeTarget "InstagramClone" */;
			buildPhases = (
				2F1E7B5AAF97DC325192BFB7 /* [CP] Check Pods Manifest.lock */,
				E2567CB8296731D100E856D7 /* Sources */,
				E2567CB9296731D100E856D7 /* Frameworks */,
				E2567CBA296731D100E856D7 /* Resources */,
				E2567CD32967380500E856D7 /* SwiftLint */,
				B2A888BB58688F6EA6AEDAEA /* [CP] Embed Pods Frameworks */,
			);
			buildRules = (
			);
			dependencies = (
			);
			name = InstagramClone;
			productName = InstagramClone;
			productReference = E2567CBC296731D100E856D7 /* InstagramClone.app */;
			productType = "com.apple.product-type.application";
		};
/* End PBXNativeTarget section */

/* Begin PBXProject section */
		E2567CB4296731D100E856D7 /* Project object */ = {
			isa = PBXProject;
			attributes = {
				BuildIndependentTargetsInParallel = 1;
				LastSwiftUpdateCheck = 1400;
				LastUpgradeCheck = 1400;
				TargetAttributes = {
					E2567CBB296731D100E856D7 = {
						CreatedOnToolsVersion = 14.0.1;
					};
				};
			};
			buildConfigurationList = E2567CB7296731D100E856D7 /* Build configuration list for PBXProject "InstagramClone" */;
			compatibilityVersion = "Xcode 13.0";
			developmentRegion = en;
			hasScannedForEncodings = 0;
			knownRegions = (
				en,
				Base,
			);
			mainGroup = E2567CB3296731D100E856D7;
			productRefGroup = E2567CBD296731D100E856D7 /* Products */;
			projectDirPath = "";
			projectRoot = "";
			targets = (
				E2567CBB296731D100E856D7 /* InstagramClone */,
			);
		};
/* End PBXProject section */

/* Begin PBXResourcesBuildPhase section */
		E2567CBA296731D100E856D7 /* Resources */ = {
			isa = PBXResourcesBuildPhase;
			buildActionMask = 2147483647;
			files = (
				E2567CCC296731D200E856D7 /* LaunchScreen.storyboard in Resources */,
				E2567CC9296731D200E856D7 /* Assets.xcassets in Resources */,
			);
			runOnlyForDeploymentPostprocessing = 0;
		};
/* End PBXResourcesBuildPhase section */

/* Begin PBXShellScriptBuildPhase section */
		2F1E7B5AAF97DC325192BFB7 /* [CP] Check Pods Manifest.lock */ = {
			isa = PBXShellScriptBuildPhase;
			buildActionMask = 2147483647;
			files = (
			);
			inputFileListPaths = (
			);
			inputPaths = (
				"${PODS_PODFILE_DIR_PATH}/Podfile.lock",
				"${PODS_ROOT}/Manifest.lock",
			);
			name = "[CP] Check Pods Manifest.lock";
			outputFileListPaths = (
			);
			outputPaths = (
				"$(DERIVED_FILE_DIR)/Pods-InstagramClone-checkManifestLockResult.txt",
			);
			runOnlyForDeploymentPostprocessing = 0;
			shellPath = /bin/sh;
			shellScript = "diff \"${PODS_PODFILE_DIR_PATH}/Podfile.lock\" \"${PODS_ROOT}/Manifest.lock\" > /dev/null\nif [ $? != 0 ] ; then\n    # print error to STDERR\n    echo \"error: The sandbox is not in sync with the Podfile.lock. Run 'pod install' or update your CocoaPods installation.\" >&2\n    exit 1\nfi\n# This output is used by Xcode 'outputs' to avoid re-running this script phase.\necho \"SUCCESS\" > \"${SCRIPT_OUTPUT_FILE_0}\"\n";
			showEnvVarsInLog = 0;
		};
		B2A888BB58688F6EA6AEDAEA /* [CP] Embed Pods Frameworks */ = {
			isa = PBXShellScriptBuildPhase;
			buildActionMask = 2147483647;
			files = (
			);
			inputFileListPaths = (
				"${PODS_ROOT}/Target Support Files/Pods-InstagramClone/Pods-InstagramClone-frameworks-${CONFIGURATION}-input-files.xcfilelist",
			);
			name = "[CP] Embed Pods Frameworks";
			outputFileListPaths = (
				"${PODS_ROOT}/Target Support Files/Pods-InstagramClone/Pods-InstagramClone-frameworks-${CONFIGURATION}-output-files.xcfilelist",
			);
			runOnlyForDeploymentPostprocessing = 0;
			shellPath = /bin/sh;
			shellScript = "\"${PODS_ROOT}/Target Support Files/Pods-InstagramClone/Pods-InstagramClone-frameworks.sh\"\n";
			showEnvVarsInLog = 0;
		};
		E2567CD32967380500E856D7 /* SwiftLint */ = {
			isa = PBXShellScriptBuildPhase;
			buildActionMask = 2147483647;
			files = (
			);
			inputFileListPaths = (
			);
			inputPaths = (
			);
			name = SwiftLint;
			outputFileListPaths = (
			);
			outputPaths = (
			);
			runOnlyForDeploymentPostprocessing = 0;
			shellPath = /bin/sh;
			shellScript = "export PATH=\"$PATH:/opt/homebrew/bin\"\nif which swiftlint > /dev/null; then\n  swiftlint\nelse\n  echo \"warning: SwiftLint not installed, download from https://github.com/realm/SwiftLint\"\nfi\n";
		};
/* End PBXShellScriptBuildPhase section */

/* Begin PBXSourcesBuildPhase section */
		E2567CB8296731D100E856D7 /* Sources */ = {
			isa = PBXSourcesBuildPhase;
			buildActionMask = 2147483647;
			files = (
				E26EA2C1296DCC1800EB47A8 /* DiscoverVideoCellViewModel.swift in Sources */,
				E25861D02986C333003D8F6D /* PostCellImageView.swift in Sources */,
				E2567CDB29673D8300E856D7 /* SearchViewController.swift in Sources */,
				E2567CD929673D4B00E856D7 /* HomeViewController.swift in Sources */,
				E270DD3E297D387A00952172 /* ProfileViewHeaderCollectionReusableView.swift in Sources */,
				E2567CF4296747F500E856D7 /* PostCell.swift in Sources */,
				E2567CF5296747F500E856D7 /* StoryCell.swift in Sources */,
				E26EA2BF296DC92600EB47A8 /* DiscoverVideoCell.swift in Sources */,
				E2519353297686D0005E286F /* ReelCellViewModel.swift in Sources */,
				E26C3BB4296840DD00ADEC57 /* Layer.swift in Sources */,
				E266718E297985CA00982D68 /* Reel.swift in Sources */,
				E29B5864296EB5E900D3605F /* SearchResultCell.swift in Sources */,
				E255C1FE2972E00100263E1C /* ReelCell.swift in Sources */,
				E26EA2C3296DCC2500EB47A8 /* DiscoverImageCellViewModel.swift in Sources */,
				E26EA2C5296DCDF000EB47A8 /* Discover.swift in Sources */,
				E26C3BAF2968401200ADEC57 /* Color.swift in Sources */,
				E2E9F89329676208004111C1 /* PostCellViewModel.swift in Sources */,
				E2567CD729673CBC00E856D7 /* MainTabbarViewController.swift in Sources */,
				E25861D22986C4A1003D8F6D /* PostCellBottomButtonsView.swift in Sources */,
				E2567CC0296731D100E856D7 /* AppDelegate.swift in Sources */,
				E24468F52987D2E000A8340F /* PostCellFooterView.swift in Sources */,
				E2DA5709296755C7007E2E25 /* StoryCellViewModel.swift in Sources */,
				E25DFBA729854C8C00702320 /* ProfilePostCellViewModel.swift in Sources */,
				E2567CEA2967429100E856D7 /* Data.swift in Sources */,
				E26EA2C7296DCE2800EB47A8 /* ContentType.swift in Sources */,
				E2567CF0296746F900E856D7 /* CompositionalLayoutSectionHelper.swift in Sources */,
				E2567CDD29673DFF00E856D7 /* ReelsViewController.swift in Sources */,
				E270DD3A297D1B8800952172 /* ProfilePostCell.swift in Sources */,
				E2567CDF29673E2500E856D7 /* ShopViewController.swift in Sources */,
				E29B5866296EC68700D3605F /* User.swift in Sources */,
				E2567CE129673E5600E856D7 /* ProfileViewController.swift in Sources */,
				E25861CE2986BCB2003D8F6D /* PostCellHeaderView.swift in Sources */,
				E26C3BB12968402400ADEC57 /* Font.swift in Sources */,
				E204C9D8296C9995003F2CE9 /* DiscoverImageCell.swift in Sources */,
				E2567CC2296731D100E856D7 /* SceneDelegate.swift in Sources */,
				E2567CE52967416500E856D7 /* Story.swift in Sources */,
				E29B5868296EC6EA00D3605F /* SearchResultCellViewModel.swift in Sources */,
				E29B5862296EB4E700D3605F /* SearchResultViewController.swift in Sources */,
				E2567CE72967416F00E856D7 /* Post.swift in Sources */,
			);
			runOnlyForDeploymentPostprocessing = 0;
		};
/* End PBXSourcesBuildPhase section */

/* Begin PBXVariantGroup section */
		E2567CCA296731D200E856D7 /* LaunchScreen.storyboard */ = {
			isa = PBXVariantGroup;
			children = (
				E2567CCB296731D200E856D7 /* Base */,
			);
			name = LaunchScreen.storyboard;
			sourceTree = "<group>";
		};
/* End PBXVariantGroup section */

/* Begin XCBuildConfiguration section */
		E2567CCE296731D200E856D7 /* Debug */ = {
			isa = XCBuildConfiguration;
			buildSettings = {
				ALWAYS_SEARCH_USER_PATHS = NO;
				CLANG_ANALYZER_NONNULL = YES;
				CLANG_ANALYZER_NUMBER_OBJECT_CONVERSION = YES_AGGRESSIVE;
				CLANG_CXX_LANGUAGE_STANDARD = "gnu++20";
				CLANG_ENABLE_MODULES = YES;
				CLANG_ENABLE_OBJC_ARC = YES;
				CLANG_ENABLE_OBJC_WEAK = YES;
				CLANG_WARN_BLOCK_CAPTURE_AUTORELEASING = YES;
				CLANG_WARN_BOOL_CONVERSION = YES;
				CLANG_WARN_COMMA = YES;
				CLANG_WARN_CONSTANT_CONVERSION = YES;
				CLANG_WARN_DEPRECATED_OBJC_IMPLEMENTATIONS = YES;
				CLANG_WARN_DIRECT_OBJC_ISA_USAGE = YES_ERROR;
				CLANG_WARN_DOCUMENTATION_COMMENTS = YES;
				CLANG_WARN_EMPTY_BODY = YES;
				CLANG_WARN_ENUM_CONVERSION = YES;
				CLANG_WARN_INFINITE_RECURSION = YES;
				CLANG_WARN_INT_CONVERSION = YES;
				CLANG_WARN_NON_LITERAL_NULL_CONVERSION = YES;
				CLANG_WARN_OBJC_IMPLICIT_RETAIN_SELF = YES;
				CLANG_WARN_OBJC_LITERAL_CONVERSION = YES;
				CLANG_WARN_OBJC_ROOT_CLASS = YES_ERROR;
				CLANG_WARN_QUOTED_INCLUDE_IN_FRAMEWORK_HEADER = YES;
				CLANG_WARN_RANGE_LOOP_ANALYSIS = YES;
				CLANG_WARN_STRICT_PROTOTYPES = YES;
				CLANG_WARN_SUSPICIOUS_MOVE = YES;
				CLANG_WARN_UNGUARDED_AVAILABILITY = YES_AGGRESSIVE;
				CLANG_WARN_UNREACHABLE_CODE = YES;
				CLANG_WARN__DUPLICATE_METHOD_MATCH = YES;
				COPY_PHASE_STRIP = NO;
				DEBUG_INFORMATION_FORMAT = dwarf;
				ENABLE_STRICT_OBJC_MSGSEND = YES;
				ENABLE_TESTABILITY = YES;
				GCC_C_LANGUAGE_STANDARD = gnu11;
				GCC_DYNAMIC_NO_PIC = NO;
				GCC_NO_COMMON_BLOCKS = YES;
				GCC_OPTIMIZATION_LEVEL = 0;
				GCC_PREPROCESSOR_DEFINITIONS = (
					"DEBUG=1",
					"$(inherited)",
				);
				GCC_WARN_64_TO_32_BIT_CONVERSION = YES;
				GCC_WARN_ABOUT_RETURN_TYPE = YES_ERROR;
				GCC_WARN_UNDECLARED_SELECTOR = YES;
				GCC_WARN_UNINITIALIZED_AUTOS = YES_AGGRESSIVE;
				GCC_WARN_UNUSED_FUNCTION = YES;
				GCC_WARN_UNUSED_VARIABLE = YES;
				IPHONEOS_DEPLOYMENT_TARGET = 16.0;
				MTL_ENABLE_DEBUG_INFO = INCLUDE_SOURCE;
				MTL_FAST_MATH = YES;
				ONLY_ACTIVE_ARCH = YES;
				SDKROOT = iphoneos;
				SWIFT_ACTIVE_COMPILATION_CONDITIONS = DEBUG;
				SWIFT_OPTIMIZATION_LEVEL = "-Onone";
			};
			name = Debug;
		};
		E2567CCF296731D200E856D7 /* Release */ = {
			isa = XCBuildConfiguration;
			buildSettings = {
				ALWAYS_SEARCH_USER_PATHS = NO;
				CLANG_ANALYZER_NONNULL = YES;
				CLANG_ANALYZER_NUMBER_OBJECT_CONVERSION = YES_AGGRESSIVE;
				CLANG_CXX_LANGUAGE_STANDARD = "gnu++20";
				CLANG_ENABLE_MODULES = YES;
				CLANG_ENABLE_OBJC_ARC = YES;
				CLANG_ENABLE_OBJC_WEAK = YES;
				CLANG_WARN_BLOCK_CAPTURE_AUTORELEASING = YES;
				CLANG_WARN_BOOL_CONVERSION = YES;
				CLANG_WARN_COMMA = YES;
				CLANG_WARN_CONSTANT_CONVERSION = YES;
				CLANG_WARN_DEPRECATED_OBJC_IMPLEMENTATIONS = YES;
				CLANG_WARN_DIRECT_OBJC_ISA_USAGE = YES_ERROR;
				CLANG_WARN_DOCUMENTATION_COMMENTS = YES;
				CLANG_WARN_EMPTY_BODY = YES;
				CLANG_WARN_ENUM_CONVERSION = YES;
				CLANG_WARN_INFINITE_RECURSION = YES;
				CLANG_WARN_INT_CONVERSION = YES;
				CLANG_WARN_NON_LITERAL_NULL_CONVERSION = YES;
				CLANG_WARN_OBJC_IMPLICIT_RETAIN_SELF = YES;
				CLANG_WARN_OBJC_LITERAL_CONVERSION = YES;
				CLANG_WARN_OBJC_ROOT_CLASS = YES_ERROR;
				CLANG_WARN_QUOTED_INCLUDE_IN_FRAMEWORK_HEADER = YES;
				CLANG_WARN_RANGE_LOOP_ANALYSIS = YES;
				CLANG_WARN_STRICT_PROTOTYPES = YES;
				CLANG_WARN_SUSPICIOUS_MOVE = YES;
				CLANG_WARN_UNGUARDED_AVAILABILITY = YES_AGGRESSIVE;
				CLANG_WARN_UNREACHABLE_CODE = YES;
				CLANG_WARN__DUPLICATE_METHOD_MATCH = YES;
				COPY_PHASE_STRIP = NO;
				DEBUG_INFORMATION_FORMAT = "dwarf-with-dsym";
				ENABLE_NS_ASSERTIONS = NO;
				ENABLE_STRICT_OBJC_MSGSEND = YES;
				GCC_C_LANGUAGE_STANDARD = gnu11;
				GCC_NO_COMMON_BLOCKS = YES;
				GCC_WARN_64_TO_32_BIT_CONVERSION = YES;
				GCC_WARN_ABOUT_RETURN_TYPE = YES_ERROR;
				GCC_WARN_UNDECLARED_SELECTOR = YES;
				GCC_WARN_UNINITIALIZED_AUTOS = YES_AGGRESSIVE;
				GCC_WARN_UNUSED_FUNCTION = YES;
				GCC_WARN_UNUSED_VARIABLE = YES;
				IPHONEOS_DEPLOYMENT_TARGET = 16.0;
				MTL_ENABLE_DEBUG_INFO = NO;
				MTL_FAST_MATH = YES;
				SDKROOT = iphoneos;
				SWIFT_COMPILATION_MODE = wholemodule;
				SWIFT_OPTIMIZATION_LEVEL = "-O";
				VALIDATE_PRODUCT = YES;
			};
			name = Release;
		};
		E2567CD1296731D200E856D7 /* Debug */ = {
			isa = XCBuildConfiguration;
			baseConfigurationReference = 9A9B3FB77E11ED26A8CEF316 /* Pods-InstagramClone.debug.xcconfig */;
			buildSettings = {
				ASSETCATALOG_COMPILER_APPICON_NAME = AppIcon;
				ASSETCATALOG_COMPILER_GLOBAL_ACCENT_COLOR_NAME = AccentColor;
				CODE_SIGN_STYLE = Automatic;
				CURRENT_PROJECT_VERSION = 1;
				GENERATE_INFOPLIST_FILE = YES;
				INFOPLIST_FILE = InstagramClone/Info.plist;
				INFOPLIST_KEY_UIApplicationSupportsIndirectInputEvents = YES;
				INFOPLIST_KEY_UILaunchStoryboardName = LaunchScreen;
				INFOPLIST_KEY_UIMainStoryboardFile = "";
				INFOPLIST_KEY_UISupportedInterfaceOrientations = UIInterfaceOrientationPortrait;
				IPHONEOS_DEPLOYMENT_TARGET = 14.2;
				LD_RUNPATH_SEARCH_PATHS = (
					"$(inherited)",
					"@executable_path/Frameworks",
				);
				MARKETING_VERSION = 1.0;
				PRODUCT_BUNDLE_IDENTIFIER = Oguzhan.InstagramClone;
				PRODUCT_NAME = "$(TARGET_NAME)";
				SWIFT_EMIT_LOC_STRINGS = YES;
				SWIFT_VERSION = 5.0;
				TARGETED_DEVICE_FAMILY = "1,2";
			};
			name = Debug;
		};
		E2567CD2296731D200E856D7 /* Release */ = {
			isa = XCBuildConfiguration;
			baseConfigurationReference = A810F9815408EA95B949F84A /* Pods-InstagramClone.release.xcconfig */;
			buildSettings = {
				ASSETCATALOG_COMPILER_APPICON_NAME = AppIcon;
				ASSETCATALOG_COMPILER_GLOBAL_ACCENT_COLOR_NAME = AccentColor;
				CODE_SIGN_STYLE = Automatic;
				CURRENT_PROJECT_VERSION = 1;
				GENERATE_INFOPLIST_FILE = YES;
				INFOPLIST_FILE = InstagramClone/Info.plist;
				INFOPLIST_KEY_UIApplicationSupportsIndirectInputEvents = YES;
				INFOPLIST_KEY_UILaunchStoryboardName = LaunchScreen;
				INFOPLIST_KEY_UIMainStoryboardFile = "";
				INFOPLIST_KEY_UISupportedInterfaceOrientations = UIInterfaceOrientationPortrait;
				IPHONEOS_DEPLOYMENT_TARGET = 14.2;
				LD_RUNPATH_SEARCH_PATHS = (
					"$(inherited)",
					"@executable_path/Frameworks",
				);
				MARKETING_VERSION = 1.0;
				PRODUCT_BUNDLE_IDENTIFIER = Oguzhan.InstagramClone;
				PRODUCT_NAME = "$(TARGET_NAME)";
				SWIFT_EMIT_LOC_STRINGS = YES;
				SWIFT_VERSION = 5.0;
				TARGETED_DEVICE_FAMILY = "1,2";
			};
			name = Release;
		};
/* End XCBuildConfiguration section */

/* Begin XCConfigurationList section */
		E2567CB7296731D100E856D7 /* Build configuration list for PBXProject "InstagramClone" */ = {
			isa = XCConfigurationList;
			buildConfigurations = (
				E2567CCE296731D200E856D7 /* Debug */,
				E2567CCF296731D200E856D7 /* Release */,
			);
			defaultConfigurationIsVisible = 0;
			defaultConfigurationName = Release;
		};
		E2567CD0296731D200E856D7 /* Build configuration list for PBXNativeTarget "InstagramClone" */ = {
			isa = XCConfigurationList;
			buildConfigurations = (
				E2567CD1296731D200E856D7 /* Debug */,
				E2567CD2296731D200E856D7 /* Release */,
			);
			defaultConfigurationIsVisible = 0;
			defaultConfigurationName = Release;
		};
/* End XCConfigurationList section */
	};
	rootObject = E2567CB4296731D100E856D7 /* Project object */;
}
